
Microsoft Visual Studio Solution File, Format Version 10.00
# Visual Studio 2008
Project("{8BC9CEB8-8B4A-11D0-8D11-00A0C91BC942}") = "testclient", "testclient.vcproj", "{BDAC92C1-A2F2-416B-9D8C-05C264B974B8}"
EndProject
Global
	GlobalSection(SolutionConfigurationPlatforms) = preSolution
		Debug|Win32 = Debug|Win32
		Release|Win32 = Release|Win32
	EndGlobalSection
	GlobalSection(ProjectConfigurationPlatforms) = postSolution
		{BDAC92C1-A2F2-416B-9D8C-05C264B974B8}.Debug|Win32.ActiveCfg = Debug|Win32
		{BDAC92C1-A2F2-416B-9D8C-05C264B974B8}.Debug|Win32.Build.0 = Debug|Win32
		{BDAC92C1-A2F2-416B-9D8C-05C264B974B8}.Release|Win32.ActiveCfg = Release|Win32
		{BDAC92C1-A2F2-416B-9D8C-05C264B974B8}.Release|Win32.Build.0 = Release|Win32
	EndGlobalSection
	GlobalSection(SolutionProperties) = preSolution
		HideSolutionNode = FALSE
	EndGlobalSection
EndGlobal
